{
  "requires": true,
  "lockfileVersion": 1,
  "dependencies": {
    "@evoja/typescript-testing-preset--lib": {
      "version": "0.0.1",
      "resolved": "https://npm.pkg.github.com/download/@evoja/typescript-testing-preset--lib/0.0.1/db27a14e1f42931ab6a0117c8500c528ab1705c540eb9489f9a4fd48da5a441d",
      "integrity": "sha512-M8bkBI+mpwJg9dhGU4godDFYtEBu1EfZ9/lmKx2vAN807JWCaMUYEH1WZBzRtQoJ/3Nm7IuW8P65czCDCGoXhQ=="
    }
  }
}
