{
  "requires": true,
  "lockfileVersion": 1,
  "dependencies": {
    "@evoja/typescript-testing-preset--lib": {
      "version": "0.0.3",
      "resolved": "https://npm.pkg.github.com/download/@evoja/typescript-testing-preset--lib/0.0.3/5aa9f43e9da686100b08fa9704a9740fe426b71b6a1630b2ecb94da131016b2b",
      "integrity": "sha512-pP36phF5PUoPLeeY2TPwDJlRv4LE+PkuVFGm3PcWkuQZa0K/D2VWpI2IU6ejQn2Zjkqn14k43tgc7MnAFKGgXQ=="
    }
  }
}
