{
  "requires": true,
  "lockfileVersion": 1,
  "dependencies": {
    "@evoja/typescript-testing-preset--lib": {
      "version": "0.0.4",
      "resolved": "https://npm.pkg.github.com/download/@evoja/typescript-testing-preset--lib/0.0.4/8e9e066ff1c739c76c0895f865123787102a6908101411ef0c89090b029a9b57",
      "integrity": "sha512-Ws7KHu69vaEW5XRJroPg1WmCbyHQ3/EGqkJ/4UudwarYainqeDdLjYbMJ7+r1tdj1co2swGVgyEzgF0R8yS3Xg=="
    }
  }
}
